
Microsoft Visual Studio Solution File, Format Version 12.00
Project("{FAE04EC0-301F-11D3-BF4B-00C04F79EFBC}") = "Levels.ConsoleApp", "Levels.ConsoleApp.csproj", "{A5C32AE6-B7ED-4C46-9B8D-F3A583973F68}"
EndProject
Project("{FAE04EC0-301F-11D3-BF4B-00C04F79EFBC}") = "Levels.UnityFramework", "..\DreamScaping_Unity\Levels.UnityFramework\Levels.UnityFramework.csproj", "{07011C37-0BDE-4910-8D36-EFC683F808D6}"
EndProject
Project("{FAE04EC0-301F-11D3-BF4B-00C04F79EFBC}") = "Levels.Universal", "Levels.Universal\Levels.Universal.csproj", "{9919869A-B5F1-4A36-9EEC-4790BF60600C}"
EndProject
Global
	GlobalSection(SolutionConfigurationPlatforms) = preSolution
		Debug|Any CPU = Debug|Any CPU
		Release|Any CPU = Release|Any CPU
	EndGlobalSection
	GlobalSection(ProjectConfigurationPlatforms) = postSolution
		{A5C32AE6-B7ED-4C46-9B8D-F3A583973F68}.Debug|Any CPU.ActiveCfg = Debug|Any CPU
		{A5C32AE6-B7ED-4C46-9B8D-F3A583973F68}.Debug|Any CPU.Build.0 = Debug|Any CPU
		{A5C32AE6-B7ED-4C46-9B8D-F3A583973F68}.Release|Any CPU.ActiveCfg = Release|Any CPU
		{A5C32AE6-B7ED-4C46-9B8D-F3A583973F68}.Release|Any CPU.Build.0 = Release|Any CPU
		{07011C37-0BDE-4910-8D36-EFC683F808D6}.Debug|Any CPU.ActiveCfg = Debug|Any CPU
		{07011C37-0BDE-4910-8D36-EFC683F808D6}.Debug|Any CPU.Build.0 = Debug|Any CPU
		{07011C37-0BDE-4910-8D36-EFC683F808D6}.Release|Any CPU.ActiveCfg = Release|Any CPU
		{07011C37-0BDE-4910-8D36-EFC683F808D6}.Release|Any CPU.Build.0 = Release|Any CPU
		{9919869A-B5F1-4A36-9EEC-4790BF60600C}.Debug|Any CPU.ActiveCfg = Debug|Any CPU
		{9919869A-B5F1-4A36-9EEC-4790BF60600C}.Debug|Any CPU.Build.0 = Debug|Any CPU
		{9919869A-B5F1-4A36-9EEC-4790BF60600C}.Release|Any CPU.ActiveCfg = Release|Any CPU
		{9919869A-B5F1-4A36-9EEC-4790BF60600C}.Release|Any CPU.Build.0 = Release|Any CPU
	EndGlobalSection
EndGlobal
