
Microsoft Visual Studio Solution File, Format Version 12.00
# Visual Studio Version 17
VisualStudioVersion = 17.2.32616.157
MinimumVisualStudioVersion = 10.0.40219.1
Project("{9A19103F-16F7-4668-BE54-9A1E7A4F7556}") = "Levels.ConsoleApp", "Levels.ConsoleApp.csproj", "{A5C32AE6-B7ED-4C46-9B8D-F3A583973F68}"
EndProject
Project("{FAE04EC0-301F-11D3-BF4B-00C04F79EFBC}") = "Levels.Universal", "Levels.Universal\Levels.Universal.csproj", "{9919869A-B5F1-4A36-9EEC-4790BF60600C}"
EndProject
Project("{FAE04EC0-301F-11D3-BF4B-00C04F79EFBC}") = "Levels.Universal.UnitTests", "..\Levels.Universal.UnitTests\Levels.Universal.UnitTests.csproj", "{94C9ABB2-984A-4F41-B291-594758746E92}"
EndProject
Global
	GlobalSection(SolutionConfigurationPlatforms) = preSolution
		Debug|Any CPU = Debug|Any CPU
		Release|Any CPU = Release|Any CPU
	EndGlobalSection
	GlobalSection(ProjectConfigurationPlatforms) = postSolution
		{A5C32AE6-B7ED-4C46-9B8D-F3A583973F68}.Debug|Any CPU.ActiveCfg = Debug|Any CPU
		{A5C32AE6-B7ED-4C46-9B8D-F3A583973F68}.Debug|Any CPU.Build.0 = Debug|Any CPU
		{A5C32AE6-B7ED-4C46-9B8D-F3A583973F68}.Release|Any CPU.ActiveCfg = Release|Any CPU
		{A5C32AE6-B7ED-4C46-9B8D-F3A583973F68}.Release|Any CPU.Build.0 = Release|Any CPU
		{9919869A-B5F1-4A36-9EEC-4790BF60600C}.Debug|Any CPU.ActiveCfg = Debug|Any CPU
		{9919869A-B5F1-4A36-9EEC-4790BF60600C}.Debug|Any CPU.Build.0 = Debug|Any CPU
		{9919869A-B5F1-4A36-9EEC-4790BF60600C}.Release|Any CPU.ActiveCfg = Release|Any CPU
		{9919869A-B5F1-4A36-9EEC-4790BF60600C}.Release|Any CPU.Build.0 = Release|Any CPU
		{94C9ABB2-984A-4F41-B291-594758746E92}.Debug|Any CPU.ActiveCfg = Debug|Any CPU
		{94C9ABB2-984A-4F41-B291-594758746E92}.Debug|Any CPU.Build.0 = Debug|Any CPU
		{94C9ABB2-984A-4F41-B291-594758746E92}.Release|Any CPU.ActiveCfg = Release|Any CPU
		{94C9ABB2-984A-4F41-B291-594758746E92}.Release|Any CPU.Build.0 = Release|Any CPU
	EndGlobalSection
	GlobalSection(SolutionProperties) = preSolution
		HideSolutionNode = FALSE
	EndGlobalSection
	GlobalSection(ExtensibilityGlobals) = postSolution
		SolutionGuid = {892EDC28-6CBF-459D-9B97-19FE6F3CF57C}
	EndGlobalSection
EndGlobal
